PODS:
  - Crisp (1.6.4)
  - crisp_chat_sdk (0.0.1):
    - Crisp (>= 1.6.4)
    - Flutter
  - Flutter (1.0.0)

DEPENDENCIES:
  - crisp_chat_sdk (from `.symlinks/plugins/crisp_chat_sdk/ios`)
  - Flutter (from `Flutter`)

SPEC REPOS:
  trunk:
    - Crisp

EXTERNAL SOURCES:
  crisp_chat_sdk:
    :path: ".symlinks/plugins/crisp_chat_sdk/ios"
  Flutter:
    :path: Flutter

SPEC CHECKSUMS:
  Crisp: 551142bfba689e45b76bcbf13e929888fc5cf402
  crisp_chat_sdk: b9bcca1726439eda3e34f7137d5651d9a756c09e
  Flutter: f04841e97a9d0b0a8025694d0796dd46242b2854

PODFILE CHECKSUM: ad9642c61db90c633d272b9059a6d65ea9123323

COCOAPODS: 1.11.3
